
Microsoft Visual Studio Solution File, Format Version 12.00
# Visual Studio Version 17
VisualStudioVersion = 17.3.32929.385
MinimumVisualStudioVersion = 10.0.40219.1
Project("{9A19103F-16F7-4668-BE54-9A1E7A4F7556}") = "Hashing Problems", "Program\Hashing Problems.csproj", "{52090C4A-B318-4AD3-A83B-B049E582269D}"
EndProject
Global
	GlobalSection(SolutionConfigurationPlatforms) = preSolution
		Debug|Any CPU = Debug|Any CPU
		Release|Any CPU = Release|Any CPU
	EndGlobalSection
	GlobalSection(ProjectConfigurationPlatforms) = postSolution
		{52090C4A-B318-4AD3-A83B-B049E582269D}.Debug|Any CPU.ActiveCfg = Debug|Any CPU
		{52090C4A-B318-4AD3-A83B-B049E582269D}.Debug|Any CPU.Build.0 = Debug|Any CPU
		{52090C4A-B318-4AD3-A83B-B049E582269D}.Release|Any CPU.ActiveCfg = Release|Any CPU
		{52090C4A-B318-4AD3-A83B-B049E582269D}.Release|Any CPU.Build.0 = Release|Any CPU
	EndGlobalSection
	GlobalSection(SolutionProperties) = preSolution
		HideSolutionNode = FALSE
	EndGlobalSection
	GlobalSection(ExtensibilityGlobals) = postSolution
		SolutionGuid = {49E21CCF-0F44-4F00-A035-5153A6ABD803}
	EndGlobalSection
EndGlobal
